// !$*UTF8*$!
{
	archiveVersion = 1;
	classes = {
	};
	objectVersion = 48;
	objects = {

/* Begin PBXBuildFile section */
		0365717C11CF68C1F2384B30 /* Pods_MilitaryTOTests.framework in Frameworks */ = {isa = PBXBuildFile; fileRef = F8FBC3B9EBFB57301E8107A1 /* Pods_MilitaryTOTests.framework */; };
		2108299EC29DB906A1A2E3FE /* Pods_MilitaryTO.framework in Frameworks */ = {isa = PBXBuildFile; fileRef = 69F741200264281FE0E44FA5 /* Pods_MilitaryTO.framework */; };
		7C95A4B03A07561D785E3A10 /* Pods_MilitaryTOUITests.framework in Frameworks */ = {isa = PBXBuildFile; fileRef = FEE04254B715628E5D7E778B /* Pods_MilitaryTOUITests.framework */; };
		CB25FF0D22202BC20076A85E /* GoogleService-Info.plist in Resources */ = {isa = PBXBuildFile; fileRef = CB25FF0C22202BC20076A85E /* GoogleService-Info.plist */; };
		CB693542221D8CC100AABC61 /* ChooseViewController.swift in Sources */ = {isa = PBXBuildFile; fileRef = CB693541221D8CC100AABC61 /* ChooseViewController.swift */; };
		CB693544221D8D8200AABC61 /* Log.swift in Sources */ = {isa = PBXBuildFile; fileRef = CB693543221D8D8200AABC61 /* Log.swift */; };
		CB702C3D22256C8B00C03747 /* Industry.swift in Sources */ = {isa = PBXBuildFile; fileRef = CB702C3C22256C8B00C03747 /* Industry.swift */; };
		CB702C3F2225707500C03747 /* ListTableViewController.swift in Sources */ = {isa = PBXBuildFile; fileRef = CB702C3E2225707500C03747 /* ListTableViewController.swift */; };
		CB702C43222D46D600C03747 /* UIView+ext.swift in Sources */ = {isa = PBXBuildFile; fileRef = CB702C42222D46D600C03747 /* UIView+ext.swift */; };
		CB702C46222D484200C03747 /* HJViewController.swift in Sources */ = {isa = PBXBuildFile; fileRef = CB702C45222D484200C03747 /* HJViewController.swift */; };
		CB702C4E222D4DD300C03747 /* UIColor+ext.swift in Sources */ = {isa = PBXBuildFile; fileRef = CB702C4D222D4DD300C03747 /* UIColor+ext.swift */; };
		CB702C50222D512600C03747 /* HJTableView.swift in Sources */ = {isa = PBXBuildFile; fileRef = CB702C4F222D512600C03747 /* HJTableView.swift */; };
		CB702C57222D5EA700C03747 /* Global.swift in Sources */ = {isa = PBXBuildFile; fileRef = CB702C56222D5EA700C03747 /* Global.swift */; };
		CB702C5E222D8CF100C03747 /* FirebaseManager.swift in Sources */ = {isa = PBXBuildFile; fileRef = CB702C5D222D8CF100C03747 /* FirebaseManager.swift */; };
		CB702C67222EC3B600C03747 /* DatabaseManager.swift in Sources */ = {isa = PBXBuildFile; fileRef = CB702C66222EC3B600C03747 /* DatabaseManager.swift */; };
		CB702C6922313E7900C03747 /* Professional.swift in Sources */ = {isa = PBXBuildFile; fileRef = CB702C6822313E7900C03747 /* Professional.swift */; };
		CB9003F2223104070091F351 /* Collection+ext.swift in Sources */ = {isa = PBXBuildFile; fileRef = CB9003F1223104070091F351 /* Collection+ext.swift */; };
		CBB120E9201F185D000DC061 /* AppDelegate.swift in Sources */ = {isa = PBXBuildFile; fileRef = CBB120E8201F185D000DC061 /* AppDelegate.swift */; };
		CBB120F0201F185D000DC061 /* Assets.xcassets in Resources */ = {isa = PBXBuildFile; fileRef = CBB120EF201F185D000DC061 /* Assets.xcassets */; };
		CBB120F3201F185D000DC061 /* LaunchScreen.storyboard in Resources */ = {isa = PBXBuildFile; fileRef = CBB120F1201F185D000DC061 /* LaunchScreen.storyboard */; };
		CBB120FE201F185D000DC061 /* MilitaryTOTests.swift in Sources */ = {isa = PBXBuildFile; fileRef = CBB120FD201F185D000DC061 /* MilitaryTOTests.swift */; };
		CBB12109201F185D000DC061 /* MilitaryTOUITests.swift in Sources */ = {isa = PBXBuildFile; fileRef = CBB12108201F185D000DC061 /* MilitaryTOUITests.swift */; };
		CBBAB69620724B0500CCF96A /* Main.storyboard in Resources */ = {isa = PBXBuildFile; fileRef = CBBAB69520724B0500CCF96A /* Main.storyboard */; };
/* End PBXBuildFile section */

/* Begin PBXContainerItemProxy section */
		CBB120FA201F185D000DC061 /* PBXContainerItemProxy */ = {
			isa = PBXContainerItemProxy;
			containerPortal = CBB120DD201F185C000DC061 /* Project object */;
			proxyType = 1;
			remoteGlobalIDString = CBB120E4201F185D000DC061;
			remoteInfo = MilitaryTO;
		};
		CBB12105201F185D000DC061 /* PBXContainerItemProxy */ = {
			isa = PBXContainerItemProxy;
			containerPortal = CBB120DD201F185C000DC061 /* Project object */;
			proxyType = 1;
			remoteGlobalIDString = CBB120E4201F185D000DC061;
			remoteInfo = MilitaryTO;
		};
/* End PBXContainerItemProxy section */

/* Begin PBXFileReference section */
		1A3112576A71809773970493 /* Pods-MilitaryTOTests.debug.xcconfig */ = {isa = PBXFileReference; includeInIndex = 1; lastKnownFileType = text.xcconfig; name = "Pods-MilitaryTOTests.debug.xcconfig"; path = "Pods/Target Support Files/Pods-MilitaryTOTests/Pods-MilitaryTOTests.debug.xcconfig"; sourceTree = "<group>"; };
		23D6555AF43420CA78B87924 /* Pods-MilitaryTOUITests.debug.xcconfig */ = {isa = PBXFileReference; includeInIndex = 1; lastKnownFileType = text.xcconfig; name = "Pods-MilitaryTOUITests.debug.xcconfig"; path = "Pods/Target Support Files/Pods-MilitaryTOUITests/Pods-MilitaryTOUITests.debug.xcconfig"; sourceTree = "<group>"; };
		32F87768EFC00A08349A391C /* Pods-MilitaryTOTests.release.xcconfig */ = {isa = PBXFileReference; includeInIndex = 1; lastKnownFileType = text.xcconfig; name = "Pods-MilitaryTOTests.release.xcconfig"; path = "Pods/Target Support Files/Pods-MilitaryTOTests/Pods-MilitaryTOTests.release.xcconfig"; sourceTree = "<group>"; };
		546D7D39F0F5E8521EF58721 /* Pods-MilitaryTOUITests.release.xcconfig */ = {isa = PBXFileReference; includeInIndex = 1; lastKnownFileType = text.xcconfig; name = "Pods-MilitaryTOUITests.release.xcconfig"; path = "Pods/Target Support Files/Pods-MilitaryTOUITests/Pods-MilitaryTOUITests.release.xcconfig"; sourceTree = "<group>"; };
		69F741200264281FE0E44FA5 /* Pods_MilitaryTO.framework */ = {isa = PBXFileReference; explicitFileType = wrapper.framework; includeInIndex = 0; path = Pods_MilitaryTO.framework; sourceTree = BUILT_PRODUCTS_DIR; };
		6F926C8C037009A516BA3796 /* Pods-MilitaryTO.debug.xcconfig */ = {isa = PBXFileReference; includeInIndex = 1; lastKnownFileType = text.xcconfig; name = "Pods-MilitaryTO.debug.xcconfig"; path = "Pods/Target Support Files/Pods-MilitaryTO/Pods-MilitaryTO.debug.xcconfig"; sourceTree = "<group>"; };
		B91ED81332E011094196975B /* Pods-MilitaryTO.release.xcconfig */ = {isa = PBXFileReference; includeInIndex = 1; lastKnownFileType = text.xcconfig; name = "Pods-MilitaryTO.release.xcconfig"; path = "Pods/Target Support Files/Pods-MilitaryTO/Pods-MilitaryTO.release.xcconfig"; sourceTree = "<group>"; };
		CB25FF0C22202BC20076A85E /* GoogleService-Info.plist */ = {isa = PBXFileReference; fileEncoding = 4; lastKnownFileType = text.plist.xml; path = "GoogleService-Info.plist"; sourceTree = "<group>"; };
		CB693541221D8CC100AABC61 /* ChooseViewController.swift */ = {isa = PBXFileReference; lastKnownFileType = sourcecode.swift; path = ChooseViewController.swift; sourceTree = "<group>"; };
		CB693543221D8D8200AABC61 /* Log.swift */ = {isa = PBXFileReference; lastKnownFileType = sourcecode.swift; path = Log.swift; sourceTree = "<group>"; };
		CB693545221D8F1000AABC61 /* MilitaryTO-Bridging-Header.h */ = {isa = PBXFileReference; lastKnownFileType = sourcecode.c.h; path = "MilitaryTO-Bridging-Header.h"; sourceTree = "<group>"; };
		CB702C3C22256C8B00C03747 /* Industry.swift */ = {isa = PBXFileReference; lastKnownFileType = sourcecode.swift; path = Industry.swift; sourceTree = "<group>"; };
		CB702C3E2225707500C03747 /* ListTableViewController.swift */ = {isa = PBXFileReference; lastKnownFileType = sourcecode.swift; path = ListTableViewController.swift; sourceTree = "<group>"; };
		CB702C42222D46D600C03747 /* UIView+ext.swift */ = {isa = PBXFileReference; lastKnownFileType = sourcecode.swift; path = "UIView+ext.swift"; sourceTree = "<group>"; };
		CB702C45222D484200C03747 /* HJViewController.swift */ = {isa = PBXFileReference; lastKnownFileType = sourcecode.swift; path = HJViewController.swift; sourceTree = "<group>"; };
		CB702C4D222D4DD300C03747 /* UIColor+ext.swift */ = {isa = PBXFileReference; lastKnownFileType = sourcecode.swift; path = "UIColor+ext.swift"; sourceTree = "<group>"; };
		CB702C4F222D512600C03747 /* HJTableView.swift */ = {isa = PBXFileReference; lastKnownFileType = sourcecode.swift; path = HJTableView.swift; sourceTree = "<group>"; };
		CB702C56222D5EA700C03747 /* Global.swift */ = {isa = PBXFileReference; lastKnownFileType = sourcecode.swift; path = Global.swift; sourceTree = "<group>"; };
		CB702C5D222D8CF100C03747 /* FirebaseManager.swift */ = {isa = PBXFileReference; lastKnownFileType = sourcecode.swift; path = FirebaseManager.swift; sourceTree = "<group>"; };
		CB702C66222EC3B600C03747 /* DatabaseManager.swift */ = {isa = PBXFileReference; lastKnownFileType = sourcecode.swift; path = DatabaseManager.swift; sourceTree = "<group>"; };
		CB702C6822313E7900C03747 /* Professional.swift */ = {isa = PBXFileReference; lastKnownFileType = sourcecode.swift; path = Professional.swift; sourceTree = "<group>"; };
		CB9003F1223104070091F351 /* Collection+ext.swift */ = {isa = PBXFileReference; lastKnownFileType = sourcecode.swift; path = "Collection+ext.swift"; sourceTree = "<group>"; };
		CBB120E5201F185D000DC061 /* MilitaryTO.app */ = {isa = PBXFileReference; explicitFileType = wrapper.application; includeInIndex = 0; path = MilitaryTO.app; sourceTree = BUILT_PRODUCTS_DIR; };
		CBB120E8201F185D000DC061 /* AppDelegate.swift */ = {isa = PBXFileReference; lastKnownFileType = sourcecode.swift; path = AppDelegate.swift; sourceTree = "<group>"; };
		CBB120EF201F185D000DC061 /* Assets.xcassets */ = {isa = PBXFileReference; lastKnownFileType = folder.assetcatalog; path = Assets.xcassets; sourceTree = "<group>"; };
		CBB120F2201F185D000DC061 /* Base */ = {isa = PBXFileReference; lastKnownFileType = file.storyboard; name = Base; path = Base.lproj/LaunchScreen.storyboard; sourceTree = "<group>"; };
		CBB120F4201F185D000DC061 /* Info.plist */ = {isa = PBXFileReference; lastKnownFileType = text.plist.xml; path = Info.plist; sourceTree = "<group>"; };
		CBB120F9201F185D000DC061 /* MilitaryTOTests.xctest */ = {isa = PBXFileReference; explicitFileType = wrapper.cfbundle; includeInIndex = 0; path = MilitaryTOTests.xctest; sourceTree = BUILT_PRODUCTS_DIR; };
		CBB120FD201F185D000DC061 /* MilitaryTOTests.swift */ = {isa = PBXFileReference; lastKnownFileType = sourcecode.swift; path = MilitaryTOTests.swift; sourceTree = "<group>"; };
		CBB120FF201F185D000DC061 /* Info.plist */ = {isa = PBXFileReference; lastKnownFileType = text.plist.xml; path = Info.plist; sourceTree = "<group>"; };
		CBB12104201F185D000DC061 /* MilitaryTOUITests.xctest */ = {isa = PBXFileReference; explicitFileType = wrapper.cfbundle; includeInIndex = 0; path = MilitaryTOUITests.xctest; sourceTree = BUILT_PRODUCTS_DIR; };
		CBB12108201F185D000DC061 /* MilitaryTOUITests.swift */ = {isa = PBXFileReference; lastKnownFileType = sourcecode.swift; path = MilitaryTOUITests.swift; sourceTree = "<group>"; };
		CBB1210A201F185D000DC061 /* Info.plist */ = {isa = PBXFileReference; lastKnownFileType = text.plist.xml; path = Info.plist; sourceTree = "<group>"; };
		CBBAB69520724B0500CCF96A /* Main.storyboard */ = {isa = PBXFileReference; lastKnownFileType = file.storyboard; path = Main.storyboard; sourceTree = "<group>"; };
		F8FBC3B9EBFB57301E8107A1 /* Pods_MilitaryTOTests.framework */ = {isa = PBXFileReference; explicitFileType = wrapper.framework; includeInIndex = 0; path = Pods_MilitaryTOTests.framework; sourceTree = BUILT_PRODUCTS_DIR; };
		FEE04254B715628E5D7E778B /* Pods_MilitaryTOUITests.framework */ = {isa = PBXFileReference; explicitFileType = wrapper.framework; includeInIndex = 0; path = Pods_MilitaryTOUITests.framework; sourceTree = BUILT_PRODUCTS_DIR; };
/* End PBXFileReference section */

/* Begin PBXFrameworksBuildPhase section */
		CBB120E2201F185D000DC061 /* Frameworks */ = {
			isa = PBXFrameworksBuildPhase;
			buildActionMask = 2147483647;
			files = (
				2108299EC29DB906A1A2E3FE /* Pods_MilitaryTO.framework in Frameworks */,
			);
			runOnlyForDeploymentPostprocessing = 0;
		};
		CBB120F6201F185D000DC061 /* Frameworks */ = {
			isa = PBXFrameworksBuildPhase;
			buildActionMask = 2147483647;
			files = (
				0365717C11CF68C1F2384B30 /* Pods_MilitaryTOTests.framework in Frameworks */,
			);
			runOnlyForDeploymentPostprocessing = 0;
		};
		CBB12101201F185D000DC061 /* Frameworks */ = {
			isa = PBXFrameworksBuildPhase;
			buildActionMask = 2147483647;
			files = (
				7C95A4B03A07561D785E3A10 /* Pods_MilitaryTOUITests.framework in Frameworks */,
			);
			runOnlyForDeploymentPostprocessing = 0;
		};
/* End PBXFrameworksBuildPhase section */

/* Begin PBXGroup section */
		3F35821E11F7EA1493679A10 /* Frameworks */ = {
			isa = PBXGroup;
			children = (
				69F741200264281FE0E44FA5 /* Pods_MilitaryTO.framework */,
				F8FBC3B9EBFB57301E8107A1 /* Pods_MilitaryTOTests.framework */,
				FEE04254B715628E5D7E778B /* Pods_MilitaryTOUITests.framework */,
			);
			name = Frameworks;
			sourceTree = "<group>";
		};
		909DC9BEE46417B3F2A50FEB /* Pods */ = {
			isa = PBXGroup;
			children = (
				6F926C8C037009A516BA3796 /* Pods-MilitaryTO.debug.xcconfig */,
				B91ED81332E011094196975B /* Pods-MilitaryTO.release.xcconfig */,
				1A3112576A71809773970493 /* Pods-MilitaryTOTests.debug.xcconfig */,
				32F87768EFC00A08349A391C /* Pods-MilitaryTOTests.release.xcconfig */,
				23D6555AF43420CA78B87924 /* Pods-MilitaryTOUITests.debug.xcconfig */,
				546D7D39F0F5E8521EF58721 /* Pods-MilitaryTOUITests.release.xcconfig */,
			);
			name = Pods;
			sourceTree = "<group>";
		};
		CB702C44222D473300C03747 /* Extension */ = {
			isa = PBXGroup;
			children = (
				CB702C42222D46D600C03747 /* UIView+ext.swift */,
				CB702C4D222D4DD300C03747 /* UIColor+ext.swift */,
				CB9003F1223104070091F351 /* Collection+ext.swift */,
			);
			path = Extension;
			sourceTree = "<group>";
		};
		CB702C47222D484600C03747 /* HJ */ = {
			isa = PBXGroup;
			children = (
				CB702C45222D484200C03747 /* HJViewController.swift */,
				CB702C4F222D512600C03747 /* HJTableView.swift */,
			);
			path = HJ;
			sourceTree = "<group>";
		};
		CB702C64222EB47600C03747 /* Model */ = {
			isa = PBXGroup;
			children = (
				CB702C3C22256C8B00C03747 /* Industry.swift */,
				CB702C6822313E7900C03747 /* Professional.swift */,
			);
			path = Model;
			sourceTree = "<group>";
		};
		CB702C65222EB48200C03747 /* Manager */ = {
			isa = PBXGroup;
			children = (
				CB702C5D222D8CF100C03747 /* FirebaseManager.swift */,
				CB702C66222EC3B600C03747 /* DatabaseManager.swift */,
			);
			path = Manager;
			sourceTree = "<group>";
		};
		CB9003EF223100C90091F351 /* Util */ = {
			isa = PBXGroup;
			children = (
				CB693543221D8D8200AABC61 /* Log.swift */,
			);
			path = Util;
			sourceTree = "<group>";
		};
		CB9003F0223100E30091F351 /* Global */ = {
			isa = PBXGroup;
			children = (
				CB702C56222D5EA700C03747 /* Global.swift */,
			);
			path = Global;
			sourceTree = "<group>";
		};
		CBB120DC201F185C000DC061 = {
			isa = PBXGroup;
			children = (
				CBB120E7201F185D000DC061 /* MilitaryTO */,
				CBB120FC201F185D000DC061 /* MilitaryTOTests */,
				CBB12107201F185D000DC061 /* MilitaryTOUITests */,
				CBB120E6201F185D000DC061 /* Products */,
				909DC9BEE46417B3F2A50FEB /* Pods */,
				3F35821E11F7EA1493679A10 /* Frameworks */,
			);
			sourceTree = "<group>";
		};
		CBB120E6201F185D000DC061 /* Products */ = {
			isa = PBXGroup;
			children = (
				CBB120E5201F185D000DC061 /* MilitaryTO.app */,
				CBB120F9201F185D000DC061 /* MilitaryTOTests.xctest */,
				CBB12104201F185D000DC061 /* MilitaryTOUITests.xctest */,
			);
			name = Products;
			sourceTree = "<group>";
		};
		CBB120E7201F185D000DC061 /* MilitaryTO */ = {
			isa = PBXGroup;
			children = (
				CBB120E8201F185D000DC061 /* AppDelegate.swift */,
				CBB120EF201F185D000DC061 /* Assets.xcassets */,
				CBBAB69520724B0500CCF96A /* Main.storyboard */,
				CBB120F1201F185D000DC061 /* LaunchScreen.storyboard */,
				CBB120F4201F185D000DC061 /* Info.plist */,
				CB25FF0C22202BC20076A85E /* GoogleService-Info.plist */,
				CB693545221D8F1000AABC61 /* MilitaryTO-Bridging-Header.h */,
				CB693541221D8CC100AABC61 /* ChooseViewController.swift */,
				CB702C3E2225707500C03747 /* ListTableViewController.swift */,
				CB9003F0223100E30091F351 /* Global */,
				CB9003EF223100C90091F351 /* Util */,
				CB702C64222EB47600C03747 /* Model */,
				CB702C65222EB48200C03747 /* Manager */,
				CB702C47222D484600C03747 /* HJ */,
				CB702C44222D473300C03747 /* Extension */,
			);
			path = MilitaryTO;
			sourceTree = "<group>";
		};
		CBB120FC201F185D000DC061 /* MilitaryTOTests */ = {
			isa = PBXGroup;
			children = (
				CBB120FD201F185D000DC061 /* MilitaryTOTests.swift */,
				CBB120FF201F185D000DC061 /* Info.plist */,
			);
			path = MilitaryTOTests;
			sourceTree = "<group>";
		};
		CBB12107201F185D000DC061 /* MilitaryTOUITests */ = {
			isa = PBXGroup;
			children = (
				CBB12108201F185D000DC061 /* MilitaryTOUITests.swift */,
				CBB1210A201F185D000DC061 /* Info.plist */,
			);
			path = MilitaryTOUITests;
			sourceTree = "<group>";
		};
/* End PBXGroup section */

/* Begin PBXNativeTarget section */
		CBB120E4201F185D000DC061 /* MilitaryTO */ = {
			isa = PBXNativeTarget;
			buildConfigurationList = CBB1210D201F185D000DC061 /* Build configuration list for PBXNativeTarget "MilitaryTO" */;
			buildPhases = (
				303D689DBC9084F0E59A6D46 /* [CP] Check Pods Manifest.lock */,
				CBB120E1201F185D000DC061 /* Sources */,
				CBB120E2201F185D000DC061 /* Frameworks */,
				CBB120E3201F185D000DC061 /* Resources */,
				CBB12116201F188F000DC061 /* ShellScript */,
				B4DB8A5F7F96924FE6FD9864 /* [CP] Embed Pods Frameworks */,
			);
			buildRules = (
			);
			dependencies = (
			);
			name = MilitaryTO;
			productName = MilitaryTO;
			productReference = CBB120E5201F185D000DC061 /* MilitaryTO.app */;
			productType = "com.apple.product-type.application";
		};
		CBB120F8201F185D000DC061 /* MilitaryTOTests */ = {
			isa = PBXNativeTarget;
			buildConfigurationList = CBB12110201F185D000DC061 /* Build configuration list for PBXNativeTarget "MilitaryTOTests" */;
			buildPhases = (
				EB448AB724F1E1A1831BA45A /* [CP] Check Pods Manifest.lock */,
				CBB120F5201F185D000DC061 /* Sources */,
				CBB120F6201F185D000DC061 /* Frameworks */,
				CBB120F7201F185D000DC061 /* Resources */,
			);
			buildRules = (
			);
			dependencies = (
				CBB120FB201F185D000DC061 /* PBXTargetDependency */,
			);
			name = MilitaryTOTests;
			productName = MilitaryTOTests;
			productReference = CBB120F9201F185D000DC061 /* MilitaryTOTests.xctest */;
			productType = "com.apple.product-type.bundle.unit-test";
		};
		CBB12103201F185D000DC061 /* MilitaryTOUITests */ = {
			isa = PBXNativeTarget;
			buildConfigurationList = CBB12113201F185D000DC061 /* Build configuration list for PBXNativeTarget "MilitaryTOUITests" */;
			buildPhases = (
				2E38BC72F06BA4FC8891484E /* [CP] Check Pods Manifest.lock */,
				CBB12100201F185D000DC061 /* Sources */,
				CBB12101201F185D000DC061 /* Frameworks */,
				CBB12102201F185D000DC061 /* Resources */,
			);
			buildRules = (
			);
			dependencies = (
				CBB12106201F185D000DC061 /* PBXTargetDependency */,
			);
			name = MilitaryTOUITests;
			productName = MilitaryTOUITests;
			productReference = CBB12104201F185D000DC061 /* MilitaryTOUITests.xctest */;
			productType = "com.apple.product-type.bundle.ui-testing";
		};
/* End PBXNativeTarget section */

/* Begin PBXProject section */
		CBB120DD201F185C000DC061 /* Project object */ = {
			isa = PBXProject;
			attributes = {
				LastSwiftUpdateCheck = 0920;
				LastUpgradeCheck = 0930;
				ORGANIZATIONNAME = "장혜준";
				TargetAttributes = {
					CBB120E4201F185D000DC061 = {
						CreatedOnToolsVersion = 9.2;
						LastSwiftMigration = 1010;
						ProvisioningStyle = Automatic;
					};
					CBB120F8201F185D000DC061 = {
						CreatedOnToolsVersion = 9.2;
						LastSwiftMigration = 1010;
						ProvisioningStyle = Automatic;
						TestTargetID = CBB120E4201F185D000DC061;
					};
					CBB12103201F185D000DC061 = {
						CreatedOnToolsVersion = 9.2;
						LastSwiftMigration = 1010;
						ProvisioningStyle = Automatic;
						TestTargetID = CBB120E4201F185D000DC061;
					};
				};
			};
			buildConfigurationList = CBB120E0201F185C000DC061 /* Build configuration list for PBXProject "MilitaryTO" */;
			compatibilityVersion = "Xcode 8.0";
			developmentRegion = en;
			hasScannedForEncodings = 0;
			knownRegions = (
				en,
				Base,
			);
			mainGroup = CBB120DC201F185C000DC061;
			productRefGroup = CBB120E6201F185D000DC061 /* Products */;
			projectDirPath = "";
			projectRoot = "";
			targets = (
				CBB120E4201F185D000DC061 /* MilitaryTO */,
				CBB120F8201F185D000DC061 /* MilitaryTOTests */,
				CBB12103201F185D000DC061 /* MilitaryTOUITests */,
			);
		};
/* End PBXProject section */

/* Begin PBXResourcesBuildPhase section */
		CBB120E3201F185D000DC061 /* Resources */ = {
			isa = PBXResourcesBuildPhase;
			buildActionMask = 2147483647;
			files = (
				CBB120F3201F185D000DC061 /* LaunchScreen.storyboard in Resources */,
				CBB120F0201F185D000DC061 /* Assets.xcassets in Resources */,
				CBBAB69620724B0500CCF96A /* Main.storyboard in Resources */,
				CB25FF0D22202BC20076A85E /* GoogleService-Info.plist in Resources */,
			);
			runOnlyForDeploymentPostprocessing = 0;
		};
		CBB120F7201F185D000DC061 /* Resources */ = {
			isa = PBXResourcesBuildPhase;
			buildActionMask = 2147483647;
			files = (
			);
			runOnlyForDeploymentPostprocessing = 0;
		};
		CBB12102201F185D000DC061 /* Resources */ = {
			isa = PBXResourcesBuildPhase;
			buildActionMask = 2147483647;
			files = (
			);
			runOnlyForDeploymentPostprocessing = 0;
		};
/* End PBXResourcesBuildPhase section */

/* Begin PBXShellScriptBuildPhase section */
		2E38BC72F06BA4FC8891484E /* [CP] Check Pods Manifest.lock */ = {
			isa = PBXShellScriptBuildPhase;
			buildActionMask = 2147483647;
			files = (
			);
			inputPaths = (
				"${PODS_PODFILE_DIR_PATH}/Podfile.lock",
				"${PODS_ROOT}/Manifest.lock",
			);
			name = "[CP] Check Pods Manifest.lock";
			outputPaths = (
				"$(DERIVED_FILE_DIR)/Pods-MilitaryTOUITests-checkManifestLockResult.txt",
			);
			runOnlyForDeploymentPostprocessing = 0;
			shellPath = /bin/sh;
			shellScript = "diff \"${PODS_PODFILE_DIR_PATH}/Podfile.lock\" \"${PODS_ROOT}/Manifest.lock\" > /dev/null\nif [ $? != 0 ] ; then\n    # print error to STDERR\n    echo \"error: The sandbox is not in sync with the Podfile.lock. Run 'pod install' or update your CocoaPods installation.\" >&2\n    exit 1\nfi\n# This output is used by Xcode 'outputs' to avoid re-running this script phase.\necho \"SUCCESS\" > \"${SCRIPT_OUTPUT_FILE_0}\"\n";
			showEnvVarsInLog = 0;
		};
		303D689DBC9084F0E59A6D46 /* [CP] Check Pods Manifest.lock */ = {
			isa = PBXShellScriptBuildPhase;
			buildActionMask = 2147483647;
			files = (
			);
			inputPaths = (
				"${PODS_PODFILE_DIR_PATH}/Podfile.lock",
				"${PODS_ROOT}/Manifest.lock",
			);
			name = "[CP] Check Pods Manifest.lock";
			outputPaths = (
				"$(DERIVED_FILE_DIR)/Pods-MilitaryTO-checkManifestLockResult.txt",
			);
			runOnlyForDeploymentPostprocessing = 0;
			shellPath = /bin/sh;
			shellScript = "diff \"${PODS_PODFILE_DIR_PATH}/Podfile.lock\" \"${PODS_ROOT}/Manifest.lock\" > /dev/null\nif [ $? != 0 ] ; then\n    # print error to STDERR\n    echo \"error: The sandbox is not in sync with the Podfile.lock. Run 'pod install' or update your CocoaPods installation.\" >&2\n    exit 1\nfi\n# This output is used by Xcode 'outputs' to avoid re-running this script phase.\necho \"SUCCESS\" > \"${SCRIPT_OUTPUT_FILE_0}\"\n";
			showEnvVarsInLog = 0;
		};
		B4DB8A5F7F96924FE6FD9864 /* [CP] Embed Pods Frameworks */ = {
			isa = PBXShellScriptBuildPhase;
			buildActionMask = 2147483647;
			files = (
			);
			inputPaths = (
				"${SRCROOT}/Pods/Target Support Files/Pods-MilitaryTO/Pods-MilitaryTO-frameworks.sh",
				"${BUILT_PRODUCTS_DIR}/ChameleonFramework/ChameleonFramework.framework",
				"${BUILT_PRODUCTS_DIR}/FontAwesomeKit/FontAwesomeKit.framework",
				"${BUILT_PRODUCTS_DIR}/GoogleUtilities/GoogleUtilities.framework",
				"${BUILT_PRODUCTS_DIR}/NVActivityIndicatorView/NVActivityIndicatorView.framework",
				"${BUILT_PRODUCTS_DIR}/ObjectMapper/ObjectMapper.framework",
				"${BUILT_PRODUCTS_DIR}/Realm/Realm.framework",
				"${BUILT_PRODUCTS_DIR}/RealmSwift/RealmSwift.framework",
				"${BUILT_PRODUCTS_DIR}/RxAtomic/RxAtomic.framework",
				"${BUILT_PRODUCTS_DIR}/RxCocoa/RxCocoa.framework",
				"${BUILT_PRODUCTS_DIR}/RxSwift/RxSwift.framework",
				"${BUILT_PRODUCTS_DIR}/SnapKit/SnapKit.framework",
				"${BUILT_PRODUCTS_DIR}/Then/Then.framework",
				"${BUILT_PRODUCTS_DIR}/leveldb-library/leveldb.framework",
				"${BUILT_PRODUCTS_DIR}/nanopb/nanopb.framework",
			);
			name = "[CP] Embed Pods Frameworks";
			outputPaths = (
				"${TARGET_BUILD_DIR}/${FRAMEWORKS_FOLDER_PATH}/ChameleonFramework.framework",
				"${TARGET_BUILD_DIR}/${FRAMEWORKS_FOLDER_PATH}/FontAwesomeKit.framework",
				"${TARGET_BUILD_DIR}/${FRAMEWORKS_FOLDER_PATH}/GoogleUtilities.framework",
				"${TARGET_BUILD_DIR}/${FRAMEWORKS_FOLDER_PATH}/NVActivityIndicatorView.framework",
				"${TARGET_BUILD_DIR}/${FRAMEWORKS_FOLDER_PATH}/ObjectMapper.framework",
				"${TARGET_BUILD_DIR}/${FRAMEWORKS_FOLDER_PATH}/Realm.framework",
				"${TARGET_BUILD_DIR}/${FRAMEWORKS_FOLDER_PATH}/RealmSwift.framework",
				"${TARGET_BUILD_DIR}/${FRAMEWORKS_FOLDER_PATH}/RxAtomic.framework",
				"${TARGET_BUILD_DIR}/${FRAMEWORKS_FOLDER_PATH}/RxCocoa.framework",
				"${TARGET_BUILD_DIR}/${FRAMEWORKS_FOLDER_PATH}/RxSwift.framework",
				"${TARGET_BUILD_DIR}/${FRAMEWORKS_FOLDER_PATH}/SnapKit.framework",
				"${TARGET_BUILD_DIR}/${FRAMEWORKS_FOLDER_PATH}/Then.framework",
				"${TARGET_BUILD_DIR}/${FRAMEWORKS_FOLDER_PATH}/leveldb.framework",
				"${TARGET_BUILD_DIR}/${FRAMEWORKS_FOLDER_PATH}/nanopb.framework",
			);
			runOnlyForDeploymentPostprocessing = 0;
			shellPath = /bin/sh;
			shellScript = "\"${SRCROOT}/Pods/Target Support Files/Pods-MilitaryTO/Pods-MilitaryTO-frameworks.sh\"\n";
			showEnvVarsInLog = 0;
		};
		CBB12116201F188F000DC061 /* ShellScript */ = {
			isa = PBXShellScriptBuildPhase;
			buildActionMask = 2147483647;
			files = (
			);
			inputPaths = (
			);
			outputPaths = (
			);
			runOnlyForDeploymentPostprocessing = 0;
			shellPath = /bin/sh;
			shellScript = "#!/bin/bash\nbuildDay=$(/usr/libexec/PlistBuddy -c \"Print buildDay\" \"$INFOPLIST_FILE\")\nbuildCount=$(/usr/libexec/PlistBuddy -c \"Print buildCount\" \"$INFOPLIST_FILE\")\ntoday=$(date +%Y%m%d)\n\nif [ x$buildDay == x ]; then\nbuildDay=${today}\nbuildCount=1\nbuildNumber=${buildDay}${buildCount}\n\n/usr/libexec/PlistBuddy -c \"Add :buildDay string $buildDay\" \"$INFOPLIST_FILE\"\n/usr/libexec/PlistBuddy -c \"Add :buildCount string $buildCount\" \"$INFOPLIST_FILE\"\n/usr/libexec/PlistBuddy -c \"Set :CFBundleVersion $buildNumber\" \"$INFOPLIST_FILE\"\n\nelif [ $buildDay != $today ]; then\nbuildDay=${today}\nbuildCount=1\nbuildNumber=${buildDay}${buildCount}\n\n/usr/libexec/PlistBuddy -c \"Set :buildDay $buildDay\" \"$INFOPLIST_FILE\"\n/usr/libexec/PlistBuddy -c \"Set :buildCount $buildCount\" \"$INFOPLIST_FILE\"\n/usr/libexec/PlistBuddy -c \"Set :CFBundleVersion $buildNumber\" \"$INFOPLIST_FILE\"\n\nelse\nbuildCount=$(($buildCount + 1))\nbuildNumber=${buildDay}${buildCount}\n\n/usr/libexec/PlistBuddy -c \"Set :buildDay $buildDay\" \"$INFOPLIST_FILE\"\n/usr/libexec/PlistBuddy -c \"Set :buildCount $buildCount\" \"$INFOPLIST_FILE\"\n/usr/libexec/PlistBuddy -c \"Set :CFBundleVersion $buildNumber\" \"$INFOPLIST_FILE\"\n\nfi\n";
		};
		EB448AB724F1E1A1831BA45A /* [CP] Check Pods Manifest.lock */ = {
			isa = PBXShellScriptBuildPhase;
			buildActionMask = 2147483647;
			files = (
			);
			inputPaths = (
				"${PODS_PODFILE_DIR_PATH}/Podfile.lock",
				"${PODS_ROOT}/Manifest.lock",
			);
			name = "[CP] Check Pods Manifest.lock";
			outputPaths = (
				"$(DERIVED_FILE_DIR)/Pods-MilitaryTOTests-checkManifestLockResult.txt",
			);
			runOnlyForDeploymentPostprocessing = 0;
			shellPath = /bin/sh;
			shellScript = "diff \"${PODS_PODFILE_DIR_PATH}/Podfile.lock\" \"${PODS_ROOT}/Manifest.lock\" > /dev/null\nif [ $? != 0 ] ; then\n    # print error to STDERR\n    echo \"error: The sandbox is not in sync with the Podfile.lock. Run 'pod install' or update your CocoaPods installation.\" >&2\n    exit 1\nfi\n# This output is used by Xcode 'outputs' to avoid re-running this script phase.\necho \"SUCCESS\" > \"${SCRIPT_OUTPUT_FILE_0}\"\n";
			showEnvVarsInLog = 0;
		};
/* End PBXShellScriptBuildPhase section */

/* Begin PBXSourcesBuildPhase section */
		CBB120E1201F185D000DC061 /* Sources */ = {
			isa = PBXSourcesBuildPhase;
			buildActionMask = 2147483647;
			files = (
				CBB120E9201F185D000DC061 /* AppDelegate.swift in Sources */,
				CB702C46222D484200C03747 /* HJViewController.swift in Sources */,
				CB702C3F2225707500C03747 /* ListTableViewController.swift in Sources */,
				CB702C50222D512600C03747 /* HJTableView.swift in Sources */,
				CB702C4E222D4DD300C03747 /* UIColor+ext.swift in Sources */,
				CB702C57222D5EA700C03747 /* Global.swift in Sources */,
				CB693544221D8D8200AABC61 /* Log.swift in Sources */,
				CB693542221D8CC100AABC61 /* ChooseViewController.swift in Sources */,
				CB702C6922313E7900C03747 /* Professional.swift in Sources */,
				CB702C67222EC3B600C03747 /* DatabaseManager.swift in Sources */,
				CB702C5E222D8CF100C03747 /* FirebaseManager.swift in Sources */,
				CB9003F2223104070091F351 /* Collection+ext.swift in Sources */,
				CB702C43222D46D600C03747 /* UIView+ext.swift in Sources */,
				CB702C3D22256C8B00C03747 /* Industry.swift in Sources */,
			);
			runOnlyForDeploymentPostprocessing = 0;
		};
		CBB120F5201F185D000DC061 /* Sources */ = {
			isa = PBXSourcesBuildPhase;
			buildActionMask = 2147483647;
			files = (
				CBB120FE201F185D000DC061 /* MilitaryTOTests.swift in Sources */,
			);
			runOnlyForDeploymentPostprocessing = 0;
		};
		CBB12100201F185D000DC061 /* Sources */ = {
			isa = PBXSourcesBuildPhase;
			buildActionMask = 2147483647;
			files = (
				CBB12109201F185D000DC061 /* MilitaryTOUITests.swift in Sources */,
			);
			runOnlyForDeploymentPostprocessing = 0;
		};
/* End PBXSourcesBuildPhase section */

/* Begin PBXTargetDependency section */
		CBB120FB201F185D000DC061 /* PBXTargetDependency */ = {
			isa = PBXTargetDependency;
			target = CBB120E4201F185D000DC061 /* MilitaryTO */;
			targetProxy = CBB120FA201F185D000DC061 /* PBXContainerItemProxy */;
		};
		CBB12106201F185D000DC061 /* PBXTargetDependency */ = {
			isa = PBXTargetDependency;
			target = CBB120E4201F185D000DC061 /* MilitaryTO */;
			targetProxy = CBB12105201F185D000DC061 /* PBXContainerItemProxy */;
		};
/* End PBXTargetDependency section */

/* Begin PBXVariantGroup section */
		CBB120F1201F185D000DC061 /* LaunchScreen.storyboard */ = {
			isa = PBXVariantGroup;
			children = (
				CBB120F2201F185D000DC061 /* Base */,
			);
			name = LaunchScreen.storyboard;
			sourceTree = "<group>";
		};
/* End PBXVariantGroup section */

/* Begin XCBuildConfiguration section */
		CBB1210B201F185D000DC061 /* Debug */ = {
			isa = XCBuildConfiguration;
			buildSettings = {
				ALWAYS_SEARCH_USER_PATHS = NO;
				CLANG_ANALYZER_NONNULL = YES;
				CLANG_ANALYZER_NUMBER_OBJECT_CONVERSION = YES_AGGRESSIVE;
				CLANG_CXX_LANGUAGE_STANDARD = "gnu++14";
				CLANG_CXX_LIBRARY = "libc++";
				CLANG_ENABLE_MODULES = YES;
				CLANG_ENABLE_OBJC_ARC = YES;
				CLANG_WARN_BLOCK_CAPTURE_AUTORELEASING = YES;
				CLANG_WARN_BOOL_CONVERSION = YES;
				CLANG_WARN_COMMA = YES;
				CLANG_WARN_CONSTANT_CONVERSION = YES;
				CLANG_WARN_DEPRECATED_OBJC_IMPLEMENTATIONS = YES;
				CLANG_WARN_DIRECT_OBJC_ISA_USAGE = YES_ERROR;
				CLANG_WARN_DOCUMENTATION_COMMENTS = YES;
				CLANG_WARN_EMPTY_BODY = YES;
				CLANG_WARN_ENUM_CONVERSION = YES;
				CLANG_WARN_INFINITE_RECURSION = YES;
				CLANG_WARN_INT_CONVERSION = YES;
				CLANG_WARN_NON_LITERAL_NULL_CONVERSION = YES;
				CLANG_WARN_OBJC_IMPLICIT_RETAIN_SELF = YES;
				CLANG_WARN_OBJC_LITERAL_CONVERSION = YES;
				CLANG_WARN_OBJC_ROOT_CLASS = YES_ERROR;
				CLANG_WARN_RANGE_LOOP_ANALYSIS = YES;
				CLANG_WARN_STRICT_PROTOTYPES = YES;
				CLANG_WARN_SUSPICIOUS_MOVE = YES;
				CLANG_WARN_UNGUARDED_AVAILABILITY = YES_AGGRESSIVE;
				CLANG_WARN_UNREACHABLE_CODE = YES;
				CLANG_WARN__DUPLICATE_METHOD_MATCH = YES;
				CODE_SIGN_IDENTITY = "iPhone Developer";
				COPY_PHASE_STRIP = NO;
				DEBUG_INFORMATION_FORMAT = dwarf;
				ENABLE_STRICT_OBJC_MSGSEND = YES;
				ENABLE_TESTABILITY = YES;
				GCC_C_LANGUAGE_STANDARD = gnu11;
				GCC_DYNAMIC_NO_PIC = NO;
				GCC_NO_COMMON_BLOCKS = YES;
				GCC_OPTIMIZATION_LEVEL = 0;
				GCC_PREPROCESSOR_DEFINITIONS = (
					"DEBUG=1",
					"$(inherited)",
				);
				GCC_WARN_64_TO_32_BIT_CONVERSION = YES;
				GCC_WARN_ABOUT_RETURN_TYPE = YES_ERROR;
				GCC_WARN_UNDECLARED_SELECTOR = YES;
				GCC_WARN_UNINITIALIZED_AUTOS = YES_AGGRESSIVE;
				GCC_WARN_UNUSED_FUNCTION = YES;
				GCC_WARN_UNUSED_VARIABLE = YES;
				IPHONEOS_DEPLOYMENT_TARGET = 9.0;
				MTL_ENABLE_DEBUG_INFO = YES;
				ONLY_ACTIVE_ARCH = YES;
				SDKROOT = iphoneos;
				SWIFT_ACTIVE_COMPILATION_CONDITIONS = DEBUG;
				SWIFT_OPTIMIZATION_LEVEL = "-Onone";
			};
			name = Debug;
		};
		CBB1210C201F185D000DC061 /* Release */ = {
			isa = XCBuildConfiguration;
			buildSettings = {
				ALWAYS_SEARCH_USER_PATHS = NO;
				CLANG_ANALYZER_NONNULL = YES;
				CLANG_ANALYZER_NUMBER_OBJECT_CONVERSION = YES_AGGRESSIVE;
				CLANG_CXX_LANGUAGE_STANDARD = "gnu++14";
				CLANG_CXX_LIBRARY = "libc++";
				CLANG_ENABLE_MODULES = YES;
				CLANG_ENABLE_OBJC_ARC = YES;
				CLANG_WARN_BLOCK_CAPTURE_AUTORELEASING = YES;
				CLANG_WARN_BOOL_CONVERSION = YES;
				CLANG_WARN_COMMA = YES;
				CLANG_WARN_CONSTANT_CONVERSION = YES;
				CLANG_WARN_DEPRECATED_OBJC_IMPLEMENTATIONS = YES;
				CLANG_WARN_DIRECT_OBJC_ISA_USAGE = YES_ERROR;
				CLANG_WARN_DOCUMENTATION_COMMENTS = YES;
				CLANG_WARN_EMPTY_BODY = YES;
				CLANG_WARN_ENUM_CONVERSION = YES;
				CLANG_WARN_INFINITE_RECURSION = YES;
				CLANG_WARN_INT_CONVERSION = YES;
				CLANG_WARN_NON_LITERAL_NULL_CONVERSION = YES;
				CLANG_WARN_OBJC_IMPLICIT_RETAIN_SELF = YES;
				CLANG_WARN_OBJC_LITERAL_CONVERSION = YES;
				CLANG_WARN_OBJC_ROOT_CLASS = YES_ERROR;
				CLANG_WARN_RANGE_LOOP_ANALYSIS = YES;
				CLANG_WARN_STRICT_PROTOTYPES = YES;
				CLANG_WARN_SUSPICIOUS_MOVE = YES;
				CLANG_WARN_UNGUARDED_AVAILABILITY = YES_AGGRESSIVE;
				CLANG_WARN_UNREACHABLE_CODE = YES;
				CLANG_WARN__DUPLICATE_METHOD_MATCH = YES;
				CODE_SIGN_IDENTITY = "iPhone Developer";
				COPY_PHASE_STRIP = NO;
				DEBUG_INFORMATION_FORMAT = "dwarf-with-dsym";
				ENABLE_NS_ASSERTIONS = NO;
				ENABLE_STRICT_OBJC_MSGSEND = YES;
				GCC_C_LANGUAGE_STANDARD = gnu11;
				GCC_NO_COMMON_BLOCKS = YES;
				GCC_WARN_64_TO_32_BIT_CONVERSION = YES;
				GCC_WARN_ABOUT_RETURN_TYPE = YES_ERROR;
				GCC_WARN_UNDECLARED_SELECTOR = YES;
				GCC_WARN_UNINITIALIZED_AUTOS = YES_AGGRESSIVE;
				GCC_WARN_UNUSED_FUNCTION = YES;
				GCC_WARN_UNUSED_VARIABLE = YES;
				IPHONEOS_DEPLOYMENT_TARGET = 9.0;
				MTL_ENABLE_DEBUG_INFO = NO;
				SDKROOT = iphoneos;
				SWIFT_OPTIMIZATION_LEVEL = "-Owholemodule";
				VALIDATE_PRODUCT = YES;
			};
			name = Release;
		};
		CBB1210E201F185D000DC061 /* Debug */ = {
			isa = XCBuildConfiguration;
			baseConfigurationReference = 6F926C8C037009A516BA3796 /* Pods-MilitaryTO.debug.xcconfig */;
			buildSettings = {
				ASSETCATALOG_COMPILER_APPICON_NAME = AppIcon;
				CLANG_ENABLE_MODULES = YES;
				CODE_SIGN_IDENTITY = "iPhone Developer";
				CODE_SIGN_STYLE = Automatic;
				DEVELOPMENT_TEAM = 7XZYKQ99YK;
				INFOPLIST_FILE = MilitaryTO/Info.plist;
				IPHONEOS_DEPLOYMENT_TARGET = 9.0;
				LD_RUNPATH_SEARCH_PATHS = "$(inherited) @executable_path/Frameworks";
				PRODUCT_BUNDLE_IDENTIFIER = jhyejun.MilitaryTO;
				PRODUCT_NAME = "$(TARGET_NAME)";
				PROVISIONING_PROFILE_SPECIFIER = "";
				SWIFT_OBJC_BRIDGING_HEADER = "MilitaryTO/MilitaryTO-Bridging-Header.h";
				SWIFT_OPTIMIZATION_LEVEL = "-Onone";
				SWIFT_VERSION = 4.2;
				TARGETED_DEVICE_FAMILY = 1;
			};
			name = Debug;
		};
		CBB1210F201F185D000DC061 /* Release */ = {
			isa = XCBuildConfiguration;
			baseConfigurationReference = B91ED81332E011094196975B /* Pods-MilitaryTO.release.xcconfig */;
			buildSettings = {
				ASSETCATALOG_COMPILER_APPICON_NAME = AppIcon;
				CLANG_ENABLE_MODULES = YES;
				CODE_SIGN_IDENTITY = "iPhone Developer";
				CODE_SIGN_STYLE = Automatic;
				DEVELOPMENT_TEAM = 7XZYKQ99YK;
				INFOPLIST_FILE = MilitaryTO/Info.plist;
				IPHONEOS_DEPLOYMENT_TARGET = 9.0;
				LD_RUNPATH_SEARCH_PATHS = "$(inherited) @executable_path/Frameworks";
				PRODUCT_BUNDLE_IDENTIFIER = jhyejun.MilitaryTO;
				PRODUCT_NAME = "$(TARGET_NAME)";
				PROVISIONING_PROFILE_SPECIFIER = "";
				SWIFT_OBJC_BRIDGING_HEADER = "MilitaryTO/MilitaryTO-Bridging-Header.h";
				SWIFT_VERSION = 4.2;
				TARGETED_DEVICE_FAMILY = 1;
			};
			name = Release;
		};
		CBB12111201F185D000DC061 /* Debug */ = {
			isa = XCBuildConfiguration;
			baseConfigurationReference = 1A3112576A71809773970493 /* Pods-MilitaryTOTests.debug.xcconfig */;
			buildSettings = {
				ALWAYS_EMBED_SWIFT_STANDARD_LIBRARIES = YES;
				BUNDLE_LOADER = "$(TEST_HOST)";
				CODE_SIGN_STYLE = Automatic;
				DEVELOPMENT_TEAM = 7XZYKQ99YK;
				INFOPLIST_FILE = MilitaryTOTests/Info.plist;
				LD_RUNPATH_SEARCH_PATHS = "$(inherited) @executable_path/Frameworks @loader_path/Frameworks";
				PRODUCT_BUNDLE_IDENTIFIER = hyejun.MilitaryTOTests;
				PRODUCT_NAME = "$(TARGET_NAME)";
				SWIFT_VERSION = 4.2;
				TARGETED_DEVICE_FAMILY = "1,2";
				TEST_HOST = "$(BUILT_PRODUCTS_DIR)/MilitaryTO.app/MilitaryTO";
			};
			name = Debug;
		};
		CBB12112201F185D000DC061 /* Release */ = {
			isa = XCBuildConfiguration;
			baseConfigurationReference = 32F87768EFC00A08349A391C /* Pods-MilitaryTOTests.release.xcconfig */;
			buildSettings = {
				ALWAYS_EMBED_SWIFT_STANDARD_LIBRARIES = YES;
				BUNDLE_LOADER = "$(TEST_HOST)";
				CODE_SIGN_STYLE = Automatic;
				DEVELOPMENT_TEAM = 7XZYKQ99YK;
				INFOPLIST_FILE = MilitaryTOTests/Info.plist;
				LD_RUNPATH_SEARCH_PATHS = "$(inherited) @executable_path/Frameworks @loader_path/Frameworks";
				PRODUCT_BUNDLE_IDENTIFIER = hyejun.MilitaryTOTests;
				PRODUCT_NAME = "$(TARGET_NAME)";
				SWIFT_VERSION = 4.2;
				TARGETED_DEVICE_FAMILY = "1,2";
				TEST_HOST = "$(BUILT_PRODUCTS_DIR)/MilitaryTO.app/MilitaryTO";
			};
			name = Release;
		};
		CBB12114201F185D000DC061 /* Debug */ = {
			isa = XCBuildConfiguration;
			baseConfigurationReference = 23D6555AF43420CA78B87924 /* Pods-MilitaryTOUITests.debug.xcconfig */;
			buildSettings = {
				ALWAYS_EMBED_SWIFT_STANDARD_LIBRARIES = YES;
				CODE_SIGN_STYLE = Automatic;
				DEVELOPMENT_TEAM = 7XZYKQ99YK;
				INFOPLIST_FILE = MilitaryTOUITests/Info.plist;
				LD_RUNPATH_SEARCH_PATHS = "$(inherited) @executable_path/Frameworks @loader_path/Frameworks";
				PRODUCT_BUNDLE_IDENTIFIER = hyejun.MilitaryTOUITests;
				PRODUCT_NAME = "$(TARGET_NAME)";
				SWIFT_VERSION = 4.2;
				TARGETED_DEVICE_FAMILY = "1,2";
				TEST_TARGET_NAME = MilitaryTO;
			};
			name = Debug;
		};
		CBB12115201F185D000DC061 /* Release */ = {
			isa = XCBuildConfiguration;
			baseConfigurationReference = 546D7D39F0F5E8521EF58721 /* Pods-MilitaryTOUITests.release.xcconfig */;
			buildSettings = {
				ALWAYS_EMBED_SWIFT_STANDARD_LIBRARIES = YES;
				CODE_SIGN_STYLE = Automatic;
				DEVELOPMENT_TEAM = 7XZYKQ99YK;
				INFOPLIST_FILE = MilitaryTOUITests/Info.plist;
				LD_RUNPATH_SEARCH_PATHS = "$(inherited) @executable_path/Frameworks @loader_path/Frameworks";
				PRODUCT_BUNDLE_IDENTIFIER = hyejun.MilitaryTOUITests;
				PRODUCT_NAME = "$(TARGET_NAME)";
				SWIFT_VERSION = 4.2;
				TARGETED_DEVICE_FAMILY = "1,2";
				TEST_TARGET_NAME = MilitaryTO;
			};
			name = Release;
		};
/* End XCBuildConfiguration section */

/* Begin XCConfigurationList section */
		CBB120E0201F185C000DC061 /* Build configuration list for PBXProject "MilitaryTO" */ = {
			isa = XCConfigurationList;
			buildConfigurations = (
				CBB1210B201F185D000DC061 /* Debug */,
				CBB1210C201F185D000DC061 /* Release */,
			);
			defaultConfigurationIsVisible = 0;
			defaultConfigurationName = Release;
		};
		CBB1210D201F185D000DC061 /* Build configuration list for PBXNativeTarget "MilitaryTO" */ = {
			isa = XCConfigurationList;
			buildConfigurations = (
				CBB1210E201F185D000DC061 /* Debug */,
				CBB1210F201F185D000DC061 /* Release */,
			);
			defaultConfigurationIsVisible = 0;
			defaultConfigurationName = Release;
		};
		CBB12110201F185D000DC061 /* Build configuration list for PBXNativeTarget "MilitaryTOTests" */ = {
			isa = XCConfigurationList;
			buildConfigurations = (
				CBB12111201F185D000DC061 /* Debug */,
				CBB12112201F185D000DC061 /* Release */,
			);
			defaultConfigurationIsVisible = 0;
			defaultConfigurationName = Release;
		};
		CBB12113201F185D000DC061 /* Build configuration list for PBXNativeTarget "MilitaryTOUITests" */ = {
			isa = XCConfigurationList;
			buildConfigurations = (
				CBB12114201F185D000DC061 /* Debug */,
				CBB12115201F185D000DC061 /* Release */,
			);
			defaultConfigurationIsVisible = 0;
			defaultConfigurationName = Release;
		};
/* End XCConfigurationList section */
	};
	rootObject = CBB120DD201F185C000DC061 /* Project object */;
}
