PODS:
  - CSV.swift (2.1.0)
  - Realm (3.11.1):
    - Realm/Headers (= 3.11.1)
  - Realm/Headers (3.11.1)
  - RealmSwift (3.11.1):
    - Realm (= 3.11.1)
  - SnapKit (4.0.1)
  - Then (2.4.0)

DEPENDENCIES:
  - CSV.swift (~> 2.1.0)
  - RealmSwift
  - SnapKit (~> 4.0.0)
  - Then

SPEC REPOS:
  https://github.com/CocoaPods/Specs.git:
    - CSV.swift
    - Realm
    - RealmSwift
    - SnapKit
    - Then

SPEC CHECKSUMS:
  CSV.swift: a24fb11c17875523783fe963592762ff163ef8ea
  Realm: 037c5919b9ceb59d6beed5d3b031096856b119b3
  RealmSwift: c9580133e73ef40ed340401af2dbc9a5790dfea7
  SnapKit: 0de968a9fec17499afa29683b05d0c775b6d1c29
  Then: 71866660c7af35a7343831f7668e7cd2b62ee0f2

PODFILE CHECKSUM: 2f94af6d5cb11e06b46c5feb61f33b7b73860a1b

COCOAPODS: 1.5.0
